
Microsoft Visual Studio Solution File, Format Version 12.00
# Visual Studio 2012
Project("{FAE04EC0-301F-11D3-BF4B-00C04F79EFBC}") = "Screens", "Screens.csproj", "{F3E5C035-B966-4715-A79E-C0ADA61DBEE0}"
EndProject
Global
	GlobalSection(SolutionConfigurationPlatforms) = preSolution
		Debug|x86 = Debug|x86
		Release|x86 = Release|x86
	EndGlobalSection
	GlobalSection(ProjectConfigurationPlatforms) = postSolution
		{F3E5C035-B966-4715-A79E-C0ADA61DBEE0}.Debug|x86.ActiveCfg = Debug|x86
		{F3E5C035-B966-4715-A79E-C0ADA61DBEE0}.Debug|x86.Build.0 = Debug|x86
		{F3E5C035-B966-4715-A79E-C0ADA61DBEE0}.Release|x86.ActiveCfg = Release|x86
		{F3E5C035-B966-4715-A79E-C0ADA61DBEE0}.Release|x86.Build.0 = Release|x86
	EndGlobalSection
	GlobalSection(SolutionProperties) = preSolution
		HideSolutionNode = FALSE
	EndGlobalSection
EndGlobal
